
Microsoft Visual Studio Solution File, Format Version 12.00
# Visual Studio 2013
VisualStudioVersion = 12.0.30110.0
MinimumVisualStudioVersion = 10.0.40219.1
Project("{FAE04EC0-301F-11D3-BF4B-00C04F79EFBC}") = "TaskManager20000ProPlusUltra", "TaskManager20000ProPlusUltra\TaskManager20000ProPlusUltra.csproj", "{CD6CD98B-3AF1-44DB-99A6-8DEE436A64BF}"
EndProject
Project("{FAE04EC0-301F-11D3-BF4B-00C04F79EFBC}") = "TaskManager20000ProPlusUltra.Tests", "TaskManager20000ProPlusUltra.Tests\TaskManager20000ProPlusUltra.Tests.csproj", "{2A32B736-20DE-4D3D-B629-40D19E6C7692}"
EndProject
Global
	GlobalSection(SolutionConfigurationPlatforms) = preSolution
		Debug|Any CPU = Debug|Any CPU
		Release|Any CPU = Release|Any CPU
	EndGlobalSection
	GlobalSection(ProjectConfigurationPlatforms) = postSolution
		{CD6CD98B-3AF1-44DB-99A6-8DEE436A64BF}.Debug|Any CPU.ActiveCfg = Debug|Any CPU
		{CD6CD98B-3AF1-44DB-99A6-8DEE436A64BF}.Debug|Any CPU.Build.0 = Debug|Any CPU
		{CD6CD98B-3AF1-44DB-99A6-8DEE436A64BF}.Release|Any CPU.ActiveCfg = Release|Any CPU
		{CD6CD98B-3AF1-44DB-99A6-8DEE436A64BF}.Release|Any CPU.Build.0 = Release|Any CPU
		{2A32B736-20DE-4D3D-B629-40D19E6C7692}.Debug|Any CPU.ActiveCfg = Debug|Any CPU
		{2A32B736-20DE-4D3D-B629-40D19E6C7692}.Debug|Any CPU.Build.0 = Debug|Any CPU
		{2A32B736-20DE-4D3D-B629-40D19E6C7692}.Release|Any CPU.ActiveCfg = Release|Any CPU
		{2A32B736-20DE-4D3D-B629-40D19E6C7692}.Release|Any CPU.Build.0 = Release|Any CPU
	EndGlobalSection
	GlobalSection(SolutionProperties) = preSolution
		HideSolutionNode = FALSE
	EndGlobalSection
EndGlobal
